
Microsoft Visual Studio Solution File, Format Version 12.00
# Visual Studio 15
VisualStudioVersion = 15.0.28307.1022
MinimumVisualStudioVersion = 10.0.40219.1
Project("{FAE04EC0-301F-11D3-BF4B-00C04F79EFBC}") = "WindowsFormsApp2", "WindowsFormsApp2\WindowsFormsApp2.csproj", "{7941D6A0-4C4E-4558-B7D9-5C6FA7C3A6A0}"
EndProject
Global
	GlobalSection(SolutionConfigurationPlatforms) = preSolution
		Debug|Any CPU = Debug|Any CPU
		Release|Any CPU = Release|Any CPU
	EndGlobalSection
	GlobalSection(ProjectConfigurationPlatforms) = postSolution
		{7941D6A0-4C4E-4558-B7D9-5C6FA7C3A6A0}.Debug|Any CPU.ActiveCfg = Debug|Any CPU
		{7941D6A0-4C4E-4558-B7D9-5C6FA7C3A6A0}.Debug|Any CPU.Build.0 = Debug|Any CPU
		{7941D6A0-4C4E-4558-B7D9-5C6FA7C3A6A0}.Release|Any CPU.ActiveCfg = Release|Any CPU
		{7941D6A0-4C4E-4558-B7D9-5C6FA7C3A6A0}.Release|Any CPU.Build.0 = Release|Any CPU
	EndGlobalSection
	GlobalSection(SolutionProperties) = preSolution
		HideSolutionNode = FALSE
	EndGlobalSection
	GlobalSection(ExtensibilityGlobals) = postSolution
		SolutionGuid = {6C52840D-E99D-41B4-AFE7-D31F85E53AE9}
	EndGlobalSection
EndGlobal
