
Microsoft Visual Studio Solution File, Format Version 12.00
# Visual Studio 15
VisualStudioVersion = 15.0.28307.1022
MinimumVisualStudioVersion = 10.0.40219.1
Project("{FAE04EC0-301F-11D3-BF4B-00C04F79EFBC}") = "ConsoleApp2", "ConsoleApp2\ConsoleApp2.csproj", "{6FA61834-C932-4A37-B463-7B608EC54423}"
EndProject
Global
	GlobalSection(SolutionConfigurationPlatforms) = preSolution
		Debug|Any CPU = Debug|Any CPU
		Release|Any CPU = Release|Any CPU
	EndGlobalSection
	GlobalSection(ProjectConfigurationPlatforms) = postSolution
		{6FA61834-C932-4A37-B463-7B608EC54423}.Debug|Any CPU.ActiveCfg = Debug|Any CPU
		{6FA61834-C932-4A37-B463-7B608EC54423}.Debug|Any CPU.Build.0 = Debug|Any CPU
		{6FA61834-C932-4A37-B463-7B608EC54423}.Release|Any CPU.ActiveCfg = Release|Any CPU
		{6FA61834-C932-4A37-B463-7B608EC54423}.Release|Any CPU.Build.0 = Release|Any CPU
	EndGlobalSection
	GlobalSection(SolutionProperties) = preSolution
		HideSolutionNode = FALSE
	EndGlobalSection
	GlobalSection(ExtensibilityGlobals) = postSolution
		SolutionGuid = {05E09D55-4644-4C18-B7DC-B31FA27732BD}
	EndGlobalSection
EndGlobal
